
Microsoft Visual Studio Solution File, Format Version 12.00
# Visual Studio Version 16
VisualStudioVersion = 16.0.29102.190
MinimumVisualStudioVersion = 10.0.40219.1
Project("{9A19103F-16F7-4668-BE54-9A1E7A4F7556}") = "StrengthIgniter.Core", "StrengthIgniter.Core\StrengthIgniter.Core.csproj", "{5231873C-B6F8-440F-802E-A9A9B08BC920}"
EndProject
Project("{9A19103F-16F7-4668-BE54-9A1E7A4F7556}") = "StrengthIgniter.Web", "StrengthIgniter.Web\StrengthIgniter.Web.csproj", "{D33CAB71-CD3D-4B47-8CEF-9A0D9CEA42A1}"
EndProject
Project("{FAE04EC0-301F-11D3-BF4B-00C04F79EFBC}") = "StrengthIgniter.Api", "StrengthIgniter.Api\StrengthIgniter.Api.csproj", "{A595110A-1311-4BE6-A2C7-2DD0D81D52B1}"
EndProject
Global
	GlobalSection(SolutionConfigurationPlatforms) = preSolution
		Debug|Any CPU = Debug|Any CPU
		Release|Any CPU = Release|Any CPU
	EndGlobalSection
	GlobalSection(ProjectConfigurationPlatforms) = postSolution
		{5231873C-B6F8-440F-802E-A9A9B08BC920}.Debug|Any CPU.ActiveCfg = Debug|Any CPU
		{5231873C-B6F8-440F-802E-A9A9B08BC920}.Debug|Any CPU.Build.0 = Debug|Any CPU
		{5231873C-B6F8-440F-802E-A9A9B08BC920}.Release|Any CPU.ActiveCfg = Release|Any CPU
		{5231873C-B6F8-440F-802E-A9A9B08BC920}.Release|Any CPU.Build.0 = Release|Any CPU
		{D33CAB71-CD3D-4B47-8CEF-9A0D9CEA42A1}.Debug|Any CPU.ActiveCfg = Debug|Any CPU
		{D33CAB71-CD3D-4B47-8CEF-9A0D9CEA42A1}.Debug|Any CPU.Build.0 = Debug|Any CPU
		{D33CAB71-CD3D-4B47-8CEF-9A0D9CEA42A1}.Release|Any CPU.ActiveCfg = Release|Any CPU
		{D33CAB71-CD3D-4B47-8CEF-9A0D9CEA42A1}.Release|Any CPU.Build.0 = Release|Any CPU
		{A595110A-1311-4BE6-A2C7-2DD0D81D52B1}.Debug|Any CPU.ActiveCfg = Debug|Any CPU
		{A595110A-1311-4BE6-A2C7-2DD0D81D52B1}.Debug|Any CPU.Build.0 = Debug|Any CPU
		{A595110A-1311-4BE6-A2C7-2DD0D81D52B1}.Release|Any CPU.ActiveCfg = Release|Any CPU
		{A595110A-1311-4BE6-A2C7-2DD0D81D52B1}.Release|Any CPU.Build.0 = Release|Any CPU
	EndGlobalSection
	GlobalSection(SolutionProperties) = preSolution
		HideSolutionNode = FALSE
	EndGlobalSection
	GlobalSection(ExtensibilityGlobals) = postSolution
		SolutionGuid = {836FBECB-91D1-4DBB-8867-AE05B01680DE}
	EndGlobalSection
EndGlobal
